github.com/atotto/clipboard v0.1.4 h1:EH0zSVneZPSuFR11BlR9YppQTVDbh5+16AmcJi4g1z4=
github.com/atotto/clipboard v0.1.4/go.mod h1:ZY9tmq7sm5xIbd9bOK4onWV4S6X0u6GY7Vn0Yu86PYI=
github.com/aymanbagabas/go-osc52/v2 v2.0.1 h1:HwpRHbFMcZLEVr42D4p7XBqjyuxQH5SMiErDT4WkJ2k=
github.com/aymanbagabas/go-osc52/v2 v2.0.1/go.mod h1:uYgXzlJ7ZpABp8OJ+exZzJJhRNQ2ASbcXHWsFqH8hp8=
github.com/charmbracelet/bubbles v0.21.0 h1:9TdC97SdRVg/1aaXNVWfFH3nnLAwOXr8Fn6u6mfQdFs=
github.com/charmbracelet/bubbles v0.21.0/go.mod h1:HF+v6QUR4HkEpz62dx7ym2xc71/KBHg+zKwJtMw+qtg=
github.com/charmbracelet/bubbletea v1.3.6 h1:VkHIxPJQeDt0aFJIsVxw8BQdh/F/L2KKZGsK6et5taU=
github.com/charmbracelet/bubbletea v1.3.6/go.mod h1:oQD9VCRQFF8KplacJLo28/jofOI2ToOfGYeFgBBxHOc=
github.com/charmbracelet/colorprofile v0.3.2 h1:9J27WdztfJQVAQKX2WOlSSRB+5gaKqqITmrvb1uTIiI=
github.com/charmbracelet/colorprofile v0.3.2/go.mod h1:mTD5XzNeWHj8oqHb+S1bssQb7vIHbepiebQ2kPKVKbI=
github.com/charmbracelet/lipgloss v1.1.0 h1:vYXsiLHVkK7fp74RkV7b2kq9+zDLoEU4MZoFqR/noCY=
github.com/charmbracelet/lipgloss v1.1.0/go.mod h1:/6Q8FR2o+kj8rz4Dq0zQc3vYf7X+B0binUUBwA0aL30=
github.com/charmbracelet/x/ansi v0.10.1 h1:rL3Koar5XvX0pHGfovN03f5cxLbCF2YvLeyz7D2jVDQ=
github.com/charmbracelet/x/ansi v0.10.1/go.mod h1:3RQDQ6lDnROptfpWuUVIUG64bD2g2BgntdxH0Ya5TeE=
github.com/charmbracelet/x/cellbuf v0.0.13 h1:/KBBKHuVRbq1lYx5BzEHBAFBP8VcQzJejZ/IA3iR28k=
github.com/charmbracelet/x/cellbuf v0.0.13/go.mod h1:xe0nKWGd3eJgtqZRaN9RjMtK7xUYchjzPr7q6kcvCCs=
github.com/charmbracelet/x/term v0.2.1 h1:AQeHeLZ1OqSXhrAWpYUtZyX1T3zVxfpZuEQMIQaGIAQ=
github.com/charmbracelet/x/term v0.2.1/go.mod h1:oQ4enTYFV7QN4m0i9mzHrViD7TQKvNEEkHUMCmsxdUg=
github.com/dlclark/regexp2 v1.11.5 h1:Q/sSnsKerHeCkc/jSTNq1oCm7KiVgUMZRDUoRu0JQZQ=
github.com/dlclark/regexp2 v1.11.5/go.mod h1:DHkYz0B9wPfa6wondMfaivmHpzrQ3v9q8cnmRbL6yW8=
github.com/dop251/goja v0.0.0-20250630131328-58d95d85e994 h1:aQYWswi+hRL2zJqGacdCZx32XjKYV8ApXFGntw79XAM=
github.com/dop251/goja v0.0.0-20250630131328-58d95d85e994/go.mod h1:MxLav0peU43GgvwVgNbLAj1s/bSGboKkhuULvq/7hx4=
github.com/erikgeiser/coninput v0.0.0-20211004153227-1c3628e74d0f h1:Y/CXytFA4m6baUTXGLOoWe4PQhGxaX0KpnayAqC48p4=
github.com/erikgeiser/coninput v0.0.0-20211004153227-1c3628e74d0f/go.mod h1:vw97MGsxSvLiUE2X8qFplwetxpGLQrlU1Q9AUEIzCaM=
github.com/evanw/esbuild v0.25.6 h1:LBEfbUJ7Krynyks4JzBjLS2sWUxrD9zcQEKnrscEHqA=
github.com/evanw/esbuild v0.25.6/go.mod h1:D2vIQZqV/vIf/VRHtViaUtViZmG7o+kKmlBfVQuRi48=
github.com/evanw/esbuild v0.25.8 h1:nSMdIN7nu2UH6APeDSpaQnz90JOPJxcVZe9DfI0ezjc=
github.com/evanw/esbuild v0.25.8/go.mod h1:D2vIQZqV/vIf/VRHtViaUtViZmG7o+kKmlBfVQuRi48=
github.com/evanw/esbuild v0.25.9 h1:aU7GVC4lxJGC1AyaPwySWjSIaNLAdVEEuq3chD0Khxs=
github.com/evanw/esbuild v0.25.9/go.mod h1:D2vIQZqV/vIf/VRHtViaUtViZmG7o+kKmlBfVQuRi48=
github.com/go-sourcemap/sourcemap v2.1.4+incompatible h1:a+iTbH5auLKxaNwQFg0B+TCYl6lbukKPc7b5x0n1s6Q=
github.com/go-sourcemap/sourcemap v2.1.4+incompatible/go.mod h1:F8jJfvm2KbVjc5NqelyYJmf/v5J0dwNLS2mL4sNA1Jg=
github.com/google/pprof v0.0.0-20250630185457-6e76a2b096b5 h1:xhMrHhTJ6zxu3gA4enFM9MLn9AY7613teCdFnlUVbSQ=
github.com/google/pprof v0.0.0-20250630185457-6e76a2b096b5/go.mod h1:5hDyRhoBCxViHszMt12TnOpEI4VVi+U8Gm9iphldiMA=
github.com/google/pprof v0.0.0-20250820193118-f64d9cf942d6 h1:EEHtgt9IwisQ2AZ4pIsMjahcegHh6rmhqxzIRQIyepY=
github.com/google/pprof v0.0.0-20250820193118-f64d9cf942d6/go.mod h1:I6V7YzU0XDpsHqbsyrghnFZLO1gwK6NPTNvmetQIk9U=
github.com/gorilla/websocket v1.5.3 h1:saDtZ6Pbx/0u+bgYQ3q96pZgCzfhKXGPqt7kZ72aNNg=
github.com/gorilla/websocket v1.5.3/go.mod h1:YR8l580nyteQvAITg2hZ9XVh4b55+EU/adAjf1fMHhE=
github.com/joho/godotenv v1.5.1 h1:7eLL/+HRGLY0ldzfGMeQkb7vMd0as4CfYvUVzLqw0N0=
github.com/joho/godotenv v1.5.1/go.mod h1:f4LDr5Voq0i2e/R5DDNOoa2zzDfwtkZa6DnEwAbqwq4=
github.com/lucasb-eyer/go-colorful v1.2.0 h1:1nnpGOrhyZZuNyfu1QjKiUICQ74+3FNCN69Aj6K7nkY=
github.com/lucasb-eyer/go-colorful v1.2.0/go.mod h1:R4dSotOR9KMtayYi1e77YzuveK+i7ruzyGqttikkLy0=
github.com/mattn/go-isatty v0.0.20 h1:xfD0iDuEKnDkl03q4limB+vH+GxLEtL/jb4xVJSWWEY=
github.com/mattn/go-isatty v0.0.20/go.mod h1:W+V8PltTTMOvKvAeJH7IuucS94S2C6jfK/D7dTCTo3Y=
github.com/mattn/go-localereader v0.0.1 h1:ygSAOl7ZXTx4RdPYinUpg6W99U8jWvWi9Ye2JC/oIi4=
github.com/mattn/go-localereader v0.0.1/go.mod h1:8fBrzywKY7BI3czFoHkuzRoWE9C+EiG4R1k4Cjx5p88=
github.com/mattn/go-runewidth v0.0.16 h1:E5ScNMtiwvlvB5paMFdw9p4kSQzbXFikJ5SQO6TULQc=
github.com/mattn/go-runewidth v0.0.16/go.mod h1:Jdepj2loyihRzMpdS35Xk/zdY8IAYHsh153qUoGf23w=
github.com/muesli/ansi v0.0.0-20230316100256-276c6243b2f6 h1:ZK8zHtRHOkbHy6Mmr5D264iyp3TiX5OmNcI5cIARiQI=
github.com/muesli/ansi v0.0.0-20230316100256-276c6243b2f6/go.mod h1:CJlz5H+gyd6CUWT45Oy4q24RdLyn7Md9Vj2/ldJBSIo=
github.com/muesli/cancelreader v0.2.2 h1:3I4Kt4BQjOR54NavqnDogx/MIoWBFa0StPA8ELUXHmA=
github.com/muesli/cancelreader v0.2.2/go.mod h1:3XuTXfFS2VjM+HTLZY9Ak0l6eUKfijIfMUZ4EgX0QYo=
github.com/muesli/termenv v0.16.0 h1:S5AlUN9dENB57rsbnkPyfdGuWIlkmzJjbFf0Tf5FWUc=
github.com/muesli/termenv v0.16.0/go.mod h1:ZRfOIKPFDYQoDFF4Olj7/QJbW60Ol/kL1pU3VfY/Cnk=
github.com/nu7hatch/gouuid v0.0.0-20131221200532-179d4d0c4d8d h1:VhgPp6v9qf9Agr/56bj7Y/xa04UccTW04VP0Qed4vnQ=
github.com/nu7hatch/gouuid v0.0.0-20131221200532-179d4d0c4d8d/go.mod h1:YUTz3bUH2ZwIWBy3CJBeOBEugqcmXREj14T+iG/4k4U=
github.com/razshare/frizzante v1.10.2 h1:h/+TbkPaWjVUtTEkT9fMTdM+2VG1JJ2Vq5hm1bBGIFw=
github.com/razshare/frizzante v1.10.2/go.mod h1:YsPvxmlJ+OvQTRUhmQ/oykWxDtHl1JP4Mm87LY4taaY=
github.com/razshare/frizzante v1.13.1/go.mod h1:DxGAKsgSCUue2EH7waLv+7kMrggfWRm+yOzJo1AVHis=
github.com/razshare/frizzante v1.13.2 h1:3rpuoWXIYnqmyP32Djhv1Sc8OSm6PF6QAVF6vBjlFtc=
github.com/razshare/frizzante v1.13.2/go.mod h1:DxGAKsgSCUue2EH7waLv+7kMrggfWRm+yOzJo1AVHis=
github.com/razshare/frizzante v1.14.0 h1:U7tmxxks0hgY4k659Qzdvqt92+zJHJ/dfTPOeAR9H8I=
github.com/razshare/frizzante v1.14.0/go.mod h1:DxGAKsgSCUue2EH7waLv+7kMrggfWRm+yOzJo1AVHis=
github.com/razshare/frizzante v1.14.13 h1:F30+4VbzkEUPm09vq1Op/lwqElufnXSdJgrULct8Jgs=
github.com/razshare/frizzante v1.14.13/go.mod h1:DxGAKsgSCUue2EH7waLv+7kMrggfWRm+yOzJo1AVHis=
github.com/razshare/frizzante v1.14.14 h1:RBCk6NlohyCswjQA/eTQ0EzJ3xFShF/iTtXdRsr2S+8=
github.com/razshare/frizzante v1.14.14/go.mod h1:DxGAKsgSCUue2EH7waLv+7kMrggfWRm+yOzJo1AVHis=
github.com/razshare/frizzante v1.14.18 h1:JOxNb8cAhts7YzRZFA+orgjiriMNFf5Ppe9/E7VOCPs=
github.com/razshare/frizzante v1.14.18/go.mod h1:DxGAKsgSCUue2EH7waLv+7kMrggfWRm+yOzJo1AVHis=
github.com/razshare/frizzante v1.14.28 h1:n8EDfsQqr62uDKfZZ6Bw3VQsE4dx/brHVZ4i8gUY5zo=
github.com/razshare/frizzante v1.14.28/go.mod h1:DxGAKsgSCUue2EH7waLv+7kMrggfWRm+yOzJo1AVHis=
github.com/razshare/frizzante v1.14.29 h1:4X9RrNs0W+p8oiqQ1olQlOMWOCMig3XytV3uG79Il4Q=
github.com/razshare/frizzante v1.14.29/go.mod h1:DxGAKsgSCUue2EH7waLv+7kMrggfWRm+yOzJo1AVHis=
github.com/razshare/frizzante v1.14.31 h1:lkoBHTdG7agw9XMPwcD7jA01C0qS01Ag9t/0WtIRVCI=
github.com/razshare/frizzante v1.14.31/go.mod h1:DxGAKsgSCUue2EH7waLv+7kMrggfWRm+yOzJo1AVHis=
github.com/razshare/frizzante v1.14.43 h1:XoZPkCchvMgIUlw67UIlvabkQBcfYmlM64nhTqeXOKg=
github.com/razshare/frizzante v1.14.43/go.mod h1:DxGAKsgSCUue2EH7waLv+7kMrggfWRm+yOzJo1AVHis=
github.com/razshare/frizzante v1.15.0 h1:QxjeyyMI11W3n1Ev3K5nBa1D0Yf/ywmYZ5jVEDwvF94=
github.com/razshare/frizzante v1.15.0/go.mod h1:hbc20d5JXmhwRjOqWCAHlMtbs+NAst46psTwuyWXtkY=
github.com/razshare/frizzante v1.16.0 h1:oXpXUhPvDx0jhDaroJ86CMs0lZhHhTIlJ1URcy2qLZo=
github.com/razshare/frizzante v1.16.0/go.mod h1:hbc20d5JXmhwRjOqWCAHlMtbs+NAst46psTwuyWXtkY=
github.com/razshare/frizzante v1.16.1 h1:LXscLtvsEFyjHkA4QEQ6QM/QW/Q4BGHRYKZk/hSWYNU=
github.com/razshare/frizzante v1.16.1/go.mod h1:hbc20d5JXmhwRjOqWCAHlMtbs+NAst46psTwuyWXtkY=
github.com/razshare/frizzante v1.16.4 h1:RMj0r81mALDKiz4p0kQ9eZAFNmuCBbD1/YjDY91Zaz4=
github.com/razshare/frizzante v1.16.4/go.mod h1:hbc20d5JXmhwRjOqWCAHlMtbs+NAst46psTwuyWXtkY=
github.com/razshare/frizzante v1.16.5 h1:raxsQNg3yYaIDmeO6abddyjCCpOF3wC6hZjJBKrqF2E=
github.com/razshare/frizzante v1.16.5/go.mod h1:OuW1PY/z0CmBEsbqHM4jYcRVL0pLnqZQu7HRmPsuTJ8=
github.com/razshare/frizzante v1.16.6 h1:Mv9Eooy1+a7ILqPU7JKYawQduOPRXE5vdG21k9MYcZI=
github.com/razshare/frizzante v1.16.6/go.mod h1:OuW1PY/z0CmBEsbqHM4jYcRVL0pLnqZQu7HRmPsuTJ8=
github.com/razshare/frizzante v1.16.7 h1:tM8qhyB6ezGacpnlfWBGje3jmqMcy7Wri7kmeoTckIc=
github.com/razshare/frizzante v1.16.7/go.mod h1:OuW1PY/z0CmBEsbqHM4jYcRVL0pLnqZQu7HRmPsuTJ8=
github.com/razshare/frizzante v1.16.8 h1:v8R3vy9vL4QGg7iwsLWAYSeUMH9K1pgLj/b0b4wqRps=
github.com/razshare/frizzante v1.16.8/go.mod h1:OuW1PY/z0CmBEsbqHM4jYcRVL0pLnqZQu7HRmPsuTJ8=
github.com/razshare/frizzante v1.16.12 h1:0nYilpm6jfbnp95iJODOMc0MVmQMAg185hFWH2PxBtM=
github.com/razshare/frizzante v1.16.12/go.mod h1:OuW1PY/z0CmBEsbqHM4jYcRVL0pLnqZQu7HRmPsuTJ8=
github.com/razshare/frizzante v1.16.13 h1:3lWE89smoDx2XQ+7icLWm5a2c+u4q1eZtU41bKIMoLU=
github.com/razshare/frizzante v1.16.13/go.mod h1:OuW1PY/z0CmBEsbqHM4jYcRVL0pLnqZQu7HRmPsuTJ8=
github.com/razshare/frizzante v1.16.15 h1:k+Y+vZ35NwZkz4fNHUgOO0fVddqvhTLVvamfinQktlw=
github.com/razshare/frizzante v1.16.15/go.mod h1:OuW1PY/z0CmBEsbqHM4jYcRVL0pLnqZQu7HRmPsuTJ8=
github.com/razshare/frizzante v1.16.16 h1:8fTogMAxlKaoFERqCIRFqZ2B1IN+LaJhFfnLvLn6s98=
github.com/razshare/frizzante v1.16.16/go.mod h1:OuW1PY/z0CmBEsbqHM4jYcRVL0pLnqZQu7HRmPsuTJ8=
github.com/razshare/frizzante v1.16.18 h1:TFgcqW38U7ERFZGTLbaCgbCUkQ4r2ysQDxOeLaJBDZo=
github.com/razshare/frizzante v1.16.18/go.mod h1:OuW1PY/z0CmBEsbqHM4jYcRVL0pLnqZQu7HRmPsuTJ8=
github.com/razshare/frizzante v1.16.19 h1:4B003NGJo2SOSwVCBZ+kpmdxz9hg8dU/31gQWic6pGg=
github.com/razshare/frizzante v1.16.19/go.mod h1:OuW1PY/z0CmBEsbqHM4jYcRVL0pLnqZQu7HRmPsuTJ8=
github.com/razshare/frizzante v1.16.20 h1:TssDE6QDi+IIgi1yUwPdc+GnuZUTi4ScQ8OADaP8CcI=
github.com/razshare/frizzante v1.16.20/go.mod h1:OuW1PY/z0CmBEsbqHM4jYcRVL0pLnqZQu7HRmPsuTJ8=
github.com/razshare/frizzante v1.16.21 h1:nEk9jBp/QwXzO1xAIpiwVIGTp5xSZM2T210QTUYxxuU=
github.com/razshare/frizzante v1.16.21/go.mod h1:OuW1PY/z0CmBEsbqHM4jYcRVL0pLnqZQu7HRmPsuTJ8=
github.com/razshare/frizzante v1.17.2 h1:YwQj1bAcr09vHLcd6FtIwyIHHVEclK06XDWcIxA67e4=
github.com/razshare/frizzante v1.17.2/go.mod h1:cJHFscHv+/UF6z79iL+v2OdROG/AZ5qnLlq3MBlDFVk=
github.com/razshare/frizzante v1.17.4 h1:ec/Mmb0FsNNmZlVQqdBaSZ7MaCjODlE0DXRuzjR2i5s=
github.com/razshare/frizzante v1.17.4/go.mod h1:prvvnyrUCYPnrSDwdaMhaArq7VSfBKSPLD+oGgGjt1U=
github.com/razshare/frizzante v1.17.6 h1:4wQ0zMHqfxuL3glqHkKMmOsFSdEL4i0xomVmMJEVNrM=
github.com/razshare/frizzante v1.17.6/go.mod h1:prvvnyrUCYPnrSDwdaMhaArq7VSfBKSPLD+oGgGjt1U=
github.com/razshare/frizzante v1.17.9 h1:SAVuVTSRFR8btNbDCwdiN6usGWbbUQzB7AqUYz54V3U=
github.com/razshare/frizzante v1.17.9/go.mod h1:prvvnyrUCYPnrSDwdaMhaArq7VSfBKSPLD+oGgGjt1U=
github.com/razshare/frizzante v1.17.19 h1:qrzLM7RMX5o2FTA3rjdqEXk4JcbHXZHMNcsRfKQiEp4=
github.com/razshare/frizzante v1.17.19/go.mod h1:4YAKNb99HQsCNZlpp/03Sa37vs7nlFlS8Jn4Bc3lmzU=
github.com/razshare/frizzante v1.17.21 h1:8nboTokn4xnQZbCt0Hsf9629u7XwZ3tidqV17wh9hF0=
github.com/razshare/frizzante v1.17.21/go.mod h1:4YAKNb99HQsCNZlpp/03Sa37vs7nlFlS8Jn4Bc3lmzU=
github.com/razshare/frizzante v1.17.29 h1:ZbtivrRNL2ugeU2pki0+eklq1xqGnaEJVNgHv4VlZRE=
github.com/razshare/frizzante v1.17.29/go.mod h1:4YAKNb99HQsCNZlpp/03Sa37vs7nlFlS8Jn4Bc3lmzU=
github.com/razshare/frizzante v1.21.3 h1:Gt0jUVOjDXhRDWw6tg61df6M4BDepgGkPxcep+JYpAQ=
github.com/razshare/frizzante v1.21.3/go.mod h1:7dI8joK7qQTl+fblWzDyMgBac9G5d+UJfxcuAY/HRDk=
github.com/razshare/frizzante v1.22.0 h1:EiqwgRINqZ8OS57YKYZ6mZIntz3BJaCXybp3iLDusdw=
github.com/razshare/frizzante v1.22.0/go.mod h1:7dI8joK7qQTl+fblWzDyMgBac9G5d+UJfxcuAY/HRDk=
github.com/razshare/frizzante v1.22.1 h1:/JyM91ZxjIb6yv0mYxcMCzMKHuOi+tZsZVFmowW/+qc=
github.com/razshare/frizzante v1.22.1/go.mod h1:7dI8joK7qQTl+fblWzDyMgBac9G5d+UJfxcuAY/HRDk=
github.com/razshare/frizzante v1.22.8 h1:PtiTgUXKaMsdo+YqY+tJOYlPzjY32nY0QB5leANtNCM=
github.com/razshare/frizzante v1.22.8/go.mod h1:ZbgTE90t2XS+CdIeAVBEQq3mvH3/rb+FtLjCctABL6I=
github.com/razshare/frizzante v1.22.9 h1:+c3YMMowgbREcs2eUSaRE0J5sPCZfh7cyF0II8BOjyc=
github.com/razshare/frizzante v1.22.9/go.mod h1:ZbgTE90t2XS+CdIeAVBEQq3mvH3/rb+FtLjCctABL6I=
github.com/razshare/frizzante v1.22.12 h1:Mp3i8EaSMqh3IjI1DEwsLwzauluiD04pE0TTJugEIig=
github.com/razshare/frizzante v1.22.12/go.mod h1:ZbgTE90t2XS+CdIeAVBEQq3mvH3/rb+FtLjCctABL6I=
github.com/razshare/frizzante v1.22.15 h1:hbY09oPlbVaGWyFOwpN3i2IDeslfoslzXluS85ww+gQ=
github.com/razshare/frizzante v1.22.15/go.mod h1:ZbgTE90t2XS+CdIeAVBEQq3mvH3/rb+FtLjCctABL6I=
github.com/razshare/frizzante v1.22.26 h1:COt20+en6XBJyc1YMarqHcw1m2VRg6Liu4sDfe0zsTE=
github.com/razshare/frizzante v1.22.26/go.mod h1:Lz/o8spyPzdGQFJm2Q30riPI9onneNSG+1Ctpmx0ydQ=
github.com/razshare/frizzante v1.23.0 h1:vFNe1XzSeB8JrtQXuce4K6xEHsFzisSA+HyMRl7Lwm0=
github.com/razshare/frizzante v1.23.0/go.mod h1:Lz/o8spyPzdGQFJm2Q30riPI9onneNSG+1Ctpmx0ydQ=
github.com/rivo/uniseg v0.2.0/go.mod h1:J6wj4VEh+S6ZtnVlnTBMWIodfgj8LQOQFoIToxlJtxc=
github.com/rivo/uniseg v0.4.7 h1:WUdvkW8uEhrYfLC4ZzdpI2ztxP1I582+49Oc5Mq64VQ=
github.com/rivo/uniseg v0.4.7/go.mod h1:FN3SvrM+Zdj16jyLfmOkMNblXMcoc8DfTHruCPUcx88=
github.com/spf13/pflag v1.0.7 h1:vN6T9TfwStFPFM5XzjsvmzZkLuaLX+HS+0SeFLRgU6M=
github.com/spf13/pflag v1.0.7/go.mod h1:McXfInJRrz4CZXVZOBLb0bTZqETkiAhM9Iw0y3An2Bg=
github.com/xo/terminfo v0.0.0-20220910002029-abceb7e1c41e h1:JVG44RsyaB9T2KIHavMF/ppJZNG9ZpyihvCd0w101no=
github.com/xo/terminfo v0.0.0-20220910002029-abceb7e1c41e/go.mod h1:RbqR21r5mrJuqunuUZ/Dhy/avygyECGrLceyNeo4LiM=
golang.org/x/sync v0.16.0 h1:ycBJEhp9p4vXvUZNszeOq0kGTPghopOL8q0fq3vstxw=
golang.org/x/sync v0.16.0/go.mod h1:1dzgHSNfp02xaA81J2MS99Qcpr2w7fw1gpm99rleRqA=
golang.org/x/sys v0.0.0-20210809222454-d867a43fc93e/go.mod h1:oPkhp1MJrh7nUepCBck5+mAzfO9JrbApNNgaTdGDITg=
golang.org/x/sys v0.0.0-20220715151400-c0bba94af5f8/go.mod h1:oPkhp1MJrh7nUepCBck5+mAzfO9JrbApNNgaTdGDITg=
golang.org/x/sys v0.6.0/go.mod h1:oPkhp1MJrh7nUepCBck5+mAzfO9JrbApNNgaTdGDITg=
golang.org/x/sys v0.34.0 h1:H5Y5sJ2L2JRdyv7ROF1he/lPdvFsd0mJHFw2ThKHxLA=
golang.org/x/sys v0.34.0/go.mod h1:BJP2sWEmIv4KK5OTEluFJCKSidICx8ciO85XgH3Ak8k=
golang.org/x/sys v0.35.0 h1:vz1N37gP5bs89s7He8XuIYXpyY0+QlsKmzipCbUtyxI=
golang.org/x/sys v0.35.0/go.mod h1:BJP2sWEmIv4KK5OTEluFJCKSidICx8ciO85XgH3Ak8k=
golang.org/x/text v0.27.0 h1:4fGWRpyh641NLlecmyl4LOe6yDdfaYNrGb2zdfo4JV4=
golang.org/x/text v0.27.0/go.mod h1:1D28KMCvyooCX9hBiosv5Tz/+YLxj0j7XhWjpSUF7CU=
golang.org/x/text v0.28.0 h1:rhazDwis8INMIwQ4tpjLDzUhx6RlXqZNPEM0huQojng=
golang.org/x/text v0.28.0/go.mod h1:U8nCwOR8jO/marOQ0QbDiOngZVEBB7MAiitBuMjXiNU=
rogchap.com/v8go v0.9.0 h1:wYbUCO4h6fjTamziHrzyrPnpFNuzPpjZY+nfmZjNaew=
rogchap.com/v8go v0.9.0/go.mod h1:MxgP3pL2MW4dpme/72QRs8sgNMmM0pRc8DPhcuLWPAs=
